
Microsoft Visual Studio Solution File, Format Version 12.00
# Visual Studio Version 17
VisualStudioVersion = 17.12.35521.163
MinimumVisualStudioVersion = 10.0.40219.1
Project("{FAE04EC0-301F-11D3-BF4B-00C04F79EFBC}") = "XLPilot", "XLPilot\XLPilot.csproj", "{B26D0CBA-7759-46F6-BFC7-C1A8A421E22E}"
EndProject
Project("{FAE04EC0-301F-11D3-BF4B-00C04F79EFBC}") = "XLPilot.Tests", "XLPilot.Tests\XLPilot.Tests.csproj", "{C15C3601-F51D-4631-AD48-A1B9D1390F07}"
EndProject
Global
	GlobalSection(SolutionConfigurationPlatforms) = preSolution
		Debug|Any CPU = Debug|Any CPU
		Release|Any CPU = Release|Any CPU
	EndGlobalSection
	GlobalSection(ProjectConfigurationPlatforms) = postSolution
		{B26D0CBA-7759-46F6-BFC7-C1A8A421E22E}.Debug|Any CPU.ActiveCfg = Debug|Any CPU
		{B26D0CBA-7759-46F6-BFC7-C1A8A421E22E}.Debug|Any CPU.Build.0 = Debug|Any CPU
		{B26D0CBA-7759-46F6-BFC7-C1A8A421E22E}.Release|Any CPU.ActiveCfg = Release|Any CPU
		{B26D0CBA-7759-46F6-BFC7-C1A8A421E22E}.Release|Any CPU.Build.0 = Release|Any CPU
		{C15C3601-F51D-4631-AD48-A1B9D1390F07}.Debug|Any CPU.ActiveCfg = Debug|Any CPU
		{C15C3601-F51D-4631-AD48-A1B9D1390F07}.Debug|Any CPU.Build.0 = Debug|Any CPU
		{C15C3601-F51D-4631-AD48-A1B9D1390F07}.Release|Any CPU.ActiveCfg = Release|Any CPU
		{C15C3601-F51D-4631-AD48-A1B9D1390F07}.Release|Any CPU.Build.0 = Release|Any CPU
	EndGlobalSection
	GlobalSection(SolutionProperties) = preSolution
		HideSolutionNode = FALSE
	EndGlobalSection
EndGlobal
